<?xml version="1.0" encoding="utf-8"?>
<Project ToolsVersion="4.0" xmlns="http://schemas.microsoft.com/developer/msbuild/2003">
  <ItemGroup>
    <Filter Include="Source Files">
      <UniqueIdentifier>{8ddeba64-a8a6-4a43-ab14-7008b712da6d}</UniqueIdentifier>
      <Extensions>cpp;c;cxx;rc;def;r;odl;idl;hpj;bat</Extensions>
    </Filter>
    <Filter Include="Header Files">
      <UniqueIdentifier>{ee254c5d-4e66-4dd2-bb14-147fdcf2f644}</UniqueIdentifier>
      <Extensions>h;hpp;hxx;hm;inl</Extensions>
    </Filter>
    <Filter Include="Resource Files">
      <UniqueIdentifier>{3556099b-912c-4564-9e0e-a4db9ca4d92d}</UniqueIdentifier>
      <Extensions>ico;cur;bmp;dlg;rc2;rct;bin;rgs;gif;jpg;jpeg;jpe</Extensions>
    </Filter>
  </ItemGroup>
  <ItemGroup>
    <ClCompile Include="..\libfcgi\fcgi_stdio.c">
      <Filter>Source Files</Filter>
    </ClCompile>
    <ClCompile Include="..\libfcgi\fcgiapp.c">
      <Filter>Source Files</Filter>
    </ClCompile>
    <ClCompile Include="..\libfcgi\fcgio.cpp">
      <Filter>Source Files</Filter>
    </ClCompile>
    <ClCompile Include="..\libfcgi\os_unix.c">
      <Filter>Source Files</Filter>
    </ClCompile>
    <ClCompile Include="..\libfcgi\os_win32.c">
      <Filter>Source Files</Filter>
    </ClCompile>
    <ClCompile Include="..\libfcgi\strerror.c">
      <Filter>Source Files</Filter>
    </ClCompile>
  </ItemGroup>
  <ItemGroup>
    <ClInclude Include="..\include\fastcgi.h">
      <Filter>Header Files</Filter>
    </ClInclude>
    <ClInclude Include="..\include\fcgi_config.h">
      <Filter>Header Files</Filter>
    </ClInclude>
    <ClInclude Include="..\include\fcgi_config_x86.h">
      <Filter>Header Files</Filter>
    </ClInclude>
    <ClInclude Include="..\include\fcgi_stdio.h">
      <Filter>Header Files</Filter>
    </ClInclude>
    <ClInclude Include="..\include\fcgiapp.h">
      <Filter>Header Files</Filter>
    </ClInclude>
    <ClInclude Include="..\include\fcgimisc.h">
      <Filter>Header Files</Filter>
    </ClInclude>
    <ClInclude Include="..\include\fcgio.h">
      <Filter>Header Files</Filter>
    </ClInclude>
    <ClInclude Include="..\include\fcgios.h">
      <Filter>Header Files</Filter>
    </ClInclude>
  </ItemGroup>
  <ItemGroup>
    <None Include="..\README" />
  </ItemGroup>
</Project>